
Microsoft Visual Studio Solution File, Format Version 12.00
# Visual Studio Version 17
VisualStudioVersion = 17.14.36109.1 d17.14
MinimumVisualStudioVersion = 10.0.40219.1
Project("{FAE04EC0-301F-11D3-BF4B-00C04F79EFBC}") = "BestLife", "BestLife\BestLife.csproj", "{AF877DAB-8046-4291-8A7B-93D6ECAF02A0}"
EndProject
Global
	GlobalSection(SolutionConfigurationPlatforms) = preSolution
		Debug|Any CPU = Debug|Any CPU
		Release|Any CPU = Release|Any CPU
	EndGlobalSection
	GlobalSection(ProjectConfigurationPlatforms) = postSolution
		{AF877DAB-8046-4291-8A7B-93D6ECAF02A0}.Debug|Any CPU.ActiveCfg = Debug|Any CPU
		{AF877DAB-8046-4291-8A7B-93D6ECAF02A0}.Debug|Any CPU.Build.0 = Debug|Any CPU
		{AF877DAB-8046-4291-8A7B-93D6ECAF02A0}.Release|Any CPU.ActiveCfg = Release|Any CPU
		{AF877DAB-8046-4291-8A7B-93D6ECAF02A0}.Release|Any CPU.Build.0 = Release|Any CPU
	EndGlobalSection
	GlobalSection(SolutionProperties) = preSolution
		HideSolutionNode = FALSE
	EndGlobalSection
	GlobalSection(ExtensibilityGlobals) = postSolution
		SolutionGuid = {3C84BE2B-4BF7-4A84-B730-09CBA617DABF}
	EndGlobalSection
EndGlobal
